
Microsoft Visual Studio Solution File, Format Version 12.00
# Visual Studio Version 17
VisualStudioVersion = 17.0.32014.148
MinimumVisualStudioVersion = 10.0.40219.1
Project("{FAE04EC0-301F-11D3-BF4B-00C04F79EFBC}") = "NYTasks", "NYTasks\NYTasks.csproj", "{46C74351-E10B-45BA-B4B8-12F7BB781A2E}"
EndProject
Global
	GlobalSection(SolutionConfigurationPlatforms) = preSolution
		Debug|Any CPU = Debug|Any CPU
		Release|Any CPU = Release|Any CPU
	EndGlobalSection
	GlobalSection(ProjectConfigurationPlatforms) = postSolution
		{46C74351-E10B-45BA-B4B8-12F7BB781A2E}.Debug|Any CPU.ActiveCfg = Debug|Any CPU
		{46C74351-E10B-45BA-B4B8-12F7BB781A2E}.Debug|Any CPU.Build.0 = Debug|Any CPU
		{46C74351-E10B-45BA-B4B8-12F7BB781A2E}.Release|Any CPU.ActiveCfg = Release|Any CPU
		{46C74351-E10B-45BA-B4B8-12F7BB781A2E}.Release|Any CPU.Build.0 = Release|Any CPU
	EndGlobalSection
	GlobalSection(SolutionProperties) = preSolution
		HideSolutionNode = FALSE
	EndGlobalSection
	GlobalSection(ExtensibilityGlobals) = postSolution
		SolutionGuid = {685B8003-A487-4115-9CDE-AEA2BB42C901}
	EndGlobalSection
EndGlobal
